
Microsoft Visual Studio Solution File, Format Version 12.00
# Visual Studio Version 17
VisualStudioVersion = 17.0.32112.339
MinimumVisualStudioVersion = 10.0.40219.1
Project("{2150E333-8FDC-42A3-9474-1A3956D46DE8}") = "Lab1", "Lab1", "{E26405BD-DE24-4187-9155-93495D1908B6}"
	ProjectSection(SolutionItems) = preProject
		F:\Університет\Ймовірнісні основи програмної інженерії\Лабораторна 1\Звіт_ймовірнісні_основи_програмної_інженерії_лабораторна_1_Глюза.pdf = F:\Університет\Ймовірнісні основи програмної інженерії\Лабораторна 1\Звіт_ймовірнісні_основи_програмної_інженерії_лабораторна_1_Глюза.pdf
	EndProjectSection
EndProject
Project("{9A19103F-16F7-4668-BE54-9A1E7A4F7556}") = "Lab1", "Lab1\Lab1.csproj", "{3158EDEA-21E8-4953-8D8A-72B8A00C2641}"
EndProject
Global
	GlobalSection(SolutionConfigurationPlatforms) = preSolution
		Debug|Any CPU = Debug|Any CPU
		Release|Any CPU = Release|Any CPU
	EndGlobalSection
	GlobalSection(ProjectConfigurationPlatforms) = postSolution
		{3158EDEA-21E8-4953-8D8A-72B8A00C2641}.Debug|Any CPU.ActiveCfg = Debug|Any CPU
		{3158EDEA-21E8-4953-8D8A-72B8A00C2641}.Debug|Any CPU.Build.0 = Debug|Any CPU
		{3158EDEA-21E8-4953-8D8A-72B8A00C2641}.Release|Any CPU.ActiveCfg = Release|Any CPU
		{3158EDEA-21E8-4953-8D8A-72B8A00C2641}.Release|Any CPU.Build.0 = Release|Any CPU
	EndGlobalSection
	GlobalSection(SolutionProperties) = preSolution
		HideSolutionNode = FALSE
	EndGlobalSection
	GlobalSection(NestedProjects) = preSolution
		{3158EDEA-21E8-4953-8D8A-72B8A00C2641} = {E26405BD-DE24-4187-9155-93495D1908B6}
	EndGlobalSection
	GlobalSection(ExtensibilityGlobals) = postSolution
		SolutionGuid = {1E2139BB-D6C4-43C9-AF3A-0417E8BD7E6A}
	EndGlobalSection
EndGlobal
